
Microsoft Visual Studio Solution File, Format Version 12.00
# Visual Studio 14
VisualStudioVersion = 14.0.25420.1
MinimumVisualStudioVersion = 10.0.40219.1
Project("{FAE04EC0-301F-11D3-BF4B-00C04F79EFBC}") = "IoCBattleForXamarin", "IoCBattleForXamarin\IoCBattleForXamarin\IoCBattleForXamarin.csproj", "{E8ABDD91-76B7-4CD0-B020-E39FC1299D0B}"
EndProject
Project("{FAE04EC0-301F-11D3-BF4B-00C04F79EFBC}") = "IoCBattleForXamarin.Droid", "IoCBattleForXamarin\IoCBattleForXamarin.Droid\IoCBattleForXamarin.Droid.csproj", "{E2C3F520-D1B6-48FA-9EF3-00D011FD9A23}"
EndProject
Project("{FAE04EC0-301F-11D3-BF4B-00C04F79EFBC}") = "IoCBattleForXamarin.iOS", "IoCBattleForXamarin\IoCBattleForXamarin.iOS\IoCBattleForXamarin.iOS.csproj", "{ACBA2C87-4762-4049-B0CE-9BF1E21B91B0}"
EndProject
Project("{FAE04EC0-301F-11D3-BF4B-00C04F79EFBC}") = "IoCBattleForXamarin.WinPhone", "IoCBattleForXamarin\IoCBattleForXamarin.WinPhone\IoCBattleForXamarin.WinPhone.csproj", "{357F9B0C-7D3D-4D3B-8837-D3B1304BC3B2}"
EndProject
Project("{FAE04EC0-301F-11D3-BF4B-00C04F79EFBC}") = "IoCBattleForXamarin.UWP", "IoCBattleForXamarin\IoCBattleForXamarin.UWP\IoCBattleForXamarin.UWP.csproj", "{7F92FFF5-E8D0-4774-B569-DCC2917EC95E}"
EndProject
Project("{FAE04EC0-301F-11D3-BF4B-00C04F79EFBC}") = "IoCBattleForXamarin.Windows", "IoCBattleForXamarin\IoCBattleForXamarin.Windows\IoCBattleForXamarin.Windows.csproj", "{F88252C0-B459-4F58-9C13-3C5E81E3B529}"
EndProject
Global
	GlobalSection(SolutionConfigurationPlatforms) = preSolution
		Ad-Hoc|Any CPU = Ad-Hoc|Any CPU
		Ad-Hoc|ARM = Ad-Hoc|ARM
		Ad-Hoc|iPhone = Ad-Hoc|iPhone
		Ad-Hoc|iPhoneSimulator = Ad-Hoc|iPhoneSimulator
		Ad-Hoc|x64 = Ad-Hoc|x64
		Ad-Hoc|x86 = Ad-Hoc|x86
		AppStore|Any CPU = AppStore|Any CPU
		AppStore|ARM = AppStore|ARM
		AppStore|iPhone = AppStore|iPhone
		AppStore|iPhoneSimulator = AppStore|iPhoneSimulator
		AppStore|x64 = AppStore|x64
		AppStore|x86 = AppStore|x86
		Debug|Any CPU = Debug|Any CPU
		Debug|ARM = Debug|ARM
		Debug|iPhone = Debug|iPhone
		Debug|iPhoneSimulator = Debug|iPhoneSimulator
		Debug|x64 = Debug|x64
		Debug|x86 = Debug|x86
		Release|Any CPU = Release|Any CPU
		Release|ARM = Release|ARM
		Release|iPhone = Release|iPhone
		Release|iPhoneSimulator = Release|iPhoneSimulator
		Release|x64 = Release|x64
		Release|x86 = Release|x86
	EndGlobalSection
	GlobalSection(ProjectConfigurationPlatforms) = postSolution
		{E8ABDD91-76B7-4CD0-B020-E39FC1299D0B}.Ad-Hoc|Any CPU.ActiveCfg = Release|Any CPU
		{E8ABDD91-76B7-4CD0-B020-E39FC1299D0B}.Ad-Hoc|Any CPU.Build.0 = Release|Any CPU
		{E8ABDD91-76B7-4CD0-B020-E39FC1299D0B}.Ad-Hoc|ARM.ActiveCfg = Release|Any CPU
		{E8ABDD91-76B7-4CD0-B020-E39FC1299D0B}.Ad-Hoc|ARM.Build.0 = Release|Any CPU
		{E8ABDD91-76B7-4CD0-B020-E39FC1299D0B}.Ad-Hoc|iPhone.ActiveCfg = Release|Any CPU
		{E8ABDD91-76B7-4CD0-B020-E39FC1299D0B}.Ad-Hoc|iPhone.Build.0 = Release|Any CPU
		{E8ABDD91-76B7-4CD0-B020-E39FC1299D0B}.Ad-Hoc|iPhoneSimulator.ActiveCfg = Release|Any CPU
		{E8ABDD91-76B7-4CD0-B020-E39FC1299D0B}.Ad-Hoc|iPhoneSimulator.Build.0 = Release|Any CPU
		{E8ABDD91-76B7-4CD0-B020-E39FC1299D0B}.Ad-Hoc|x64.ActiveCfg = Release|Any CPU
		{E8ABDD91-76B7-4CD0-B020-E39FC1299D0B}.Ad-Hoc|x64.Build.0 = Release|Any CPU
		{E8ABDD91-76B7-4CD0-B020-E39FC1299D0B}.Ad-Hoc|x86.ActiveCfg = Release|Any CPU
		{E8ABDD91-76B7-4CD0-B020-E39FC1299D0B}.Ad-Hoc|x86.Build.0 = Release|Any CPU
		{E8ABDD91-76B7-4CD0-B020-E39FC1299D0B}.AppStore|Any CPU.ActiveCfg = Release|Any CPU
		{E8ABDD91-76B7-4CD0-B020-E39FC1299D0B}.AppStore|Any CPU.Build.0 = Release|Any CPU
		{E8ABDD91-76B7-4CD0-B020-E39FC1299D0B}.AppStore|ARM.ActiveCfg = Release|Any CPU
		{E8ABDD91-76B7-4CD0-B020-E39FC1299D0B}.AppStore|ARM.Build.0 = Release|Any CPU
		{E8ABDD91-76B7-4CD0-B020-E39FC1299D0B}.AppStore|iPhone.ActiveCfg = Release|Any CPU
		{E8ABDD91-76B7-4CD0-B020-E39FC1299D0B}.AppStore|iPhone.Build.0 = Release|Any CPU
		{E8ABDD91-76B7-4CD0-B020-E39FC1299D0B}.AppStore|iPhoneSimulator.ActiveCfg = Release|Any CPU
		{E8ABDD91-76B7-4CD0-B020-E39FC1299D0B}.AppStore|iPhoneSimulator.Build.0 = Release|Any CPU
		{E8ABDD91-76B7-4CD0-B020-E39FC1299D0B}.AppStore|x64.ActiveCfg = Release|Any CPU
		{E8ABDD91-76B7-4CD0-B020-E39FC1299D0B}.AppStore|x64.Build.0 = Release|Any CPU
		{E8ABDD91-76B7-4CD0-B020-E39FC1299D0B}.AppStore|x86.ActiveCfg = Release|Any CPU
		{E8ABDD91-76B7-4CD0-B020-E39FC1299D0B}.AppStore|x86.Build.0 = Release|Any CPU
		{E8ABDD91-76B7-4CD0-B020-E39FC1299D0B}.Debug|Any CPU.ActiveCfg = Debug|Any CPU
		{E8ABDD91-76B7-4CD0-B020-E39FC1299D0B}.Debug|Any CPU.Build.0 = Debug|Any CPU
		{E8ABDD91-76B7-4CD0-B020-E39FC1299D0B}.Debug|ARM.ActiveCfg = Debug|Any CPU
		{E8ABDD91-76B7-4CD0-B020-E39FC1299D0B}.Debug|ARM.Build.0 = Debug|Any CPU
		{E8ABDD91-76B7-4CD0-B020-E39FC1299D0B}.Debug|iPhone.ActiveCfg = Debug|Any CPU
		{E8ABDD91-76B7-4CD0-B020-E39FC1299D0B}.Debug|iPhone.Build.0 = Debug|Any CPU
		{E8ABDD91-76B7-4CD0-B020-E39FC1299D0B}.Debug|iPhoneSimulator.ActiveCfg = Debug|Any CPU
		{E8ABDD91-76B7-4CD0-B020-E39FC1299D0B}.Debug|iPhoneSimulator.Build.0 = Debug|Any CPU
		{E8ABDD91-76B7-4CD0-B020-E39FC1299D0B}.Debug|x64.ActiveCfg = Debug|Any CPU
		{E8ABDD91-76B7-4CD0-B020-E39FC1299D0B}.Debug|x64.Build.0 = Debug|Any CPU
		{E8ABDD91-76B7-4CD0-B020-E39FC1299D0B}.Debug|x86.ActiveCfg = Debug|Any CPU
		{E8ABDD91-76B7-4CD0-B020-E39FC1299D0B}.Debug|x86.Build.0 = Debug|Any CPU
		{E8ABDD91-76B7-4CD0-B020-E39FC1299D0B}.Release|Any CPU.ActiveCfg = Release|Any CPU
		{E8ABDD91-76B7-4CD0-B020-E39FC1299D0B}.Release|Any CPU.Build.0 = Release|Any CPU
		{E8ABDD91-76B7-4CD0-B020-E39FC1299D0B}.Release|ARM.ActiveCfg = Release|Any CPU
		{E8ABDD91-76B7-4CD0-B020-E39FC1299D0B}.Release|ARM.Build.0 = Release|Any CPU
		{E8ABDD91-76B7-4CD0-B020-E39FC1299D0B}.Release|iPhone.ActiveCfg = Release|Any CPU
		{E8ABDD91-76B7-4CD0-B020-E39FC1299D0B}.Release|iPhone.Build.0 = Release|Any CPU
		{E8ABDD91-76B7-4CD0-B020-E39FC1299D0B}.Release|iPhoneSimulator.ActiveCfg = Release|Any CPU
		{E8ABDD91-76B7-4CD0-B020-E39FC1299D0B}.Release|iPhoneSimulator.Build.0 = Release|Any CPU
		{E8ABDD91-76B7-4CD0-B020-E39FC1299D0B}.Release|x64.ActiveCfg = Release|Any CPU
		{E8ABDD91-76B7-4CD0-B020-E39FC1299D0B}.Release|x64.Build.0 = Release|Any CPU
		{E8ABDD91-76B7-4CD0-B020-E39FC1299D0B}.Release|x86.ActiveCfg = Release|Any CPU
		{E8ABDD91-76B7-4CD0-B020-E39FC1299D0B}.Release|x86.Build.0 = Release|Any CPU
		{E2C3F520-D1B6-48FA-9EF3-00D011FD9A23}.Ad-Hoc|Any CPU.ActiveCfg = Release|Any CPU
		{E2C3F520-D1B6-48FA-9EF3-00D011FD9A23}.Ad-Hoc|Any CPU.Build.0 = Release|Any CPU
		{E2C3F520-D1B6-48FA-9EF3-00D011FD9A23}.Ad-Hoc|Any CPU.Deploy.0 = Release|Any CPU
		{E2C3F520-D1B6-48FA-9EF3-00D011FD9A23}.Ad-Hoc|ARM.ActiveCfg = Release|Any CPU
		{E2C3F520-D1B6-48FA-9EF3-00D011FD9A23}.Ad-Hoc|ARM.Build.0 = Release|Any CPU
		{E2C3F520-D1B6-48FA-9EF3-00D011FD9A23}.Ad-Hoc|ARM.Deploy.0 = Release|Any CPU
		{E2C3F520-D1B6-48FA-9EF3-00D011FD9A23}.Ad-Hoc|iPhone.ActiveCfg = Release|Any CPU
		{E2C3F520-D1B6-48FA-9EF3-00D011FD9A23}.Ad-Hoc|iPhone.Build.0 = Release|Any CPU
		{E2C3F520-D1B6-48FA-9EF3-00D011FD9A23}.Ad-Hoc|iPhone.Deploy.0 = Release|Any CPU
		{E2C3F520-D1B6-48FA-9EF3-00D011FD9A23}.Ad-Hoc|iPhoneSimulator.ActiveCfg = Release|Any CPU
		{E2C3F520-D1B6-48FA-9EF3-00D011FD9A23}.Ad-Hoc|iPhoneSimulator.Build.0 = Release|Any CPU
		{E2C3F520-D1B6-48FA-9EF3-00D011FD9A23}.Ad-Hoc|iPhoneSimulator.Deploy.0 = Release|Any CPU
		{E2C3F520-D1B6-48FA-9EF3-00D011FD9A23}.Ad-Hoc|x64.ActiveCfg = Release|Any CPU
		{E2C3F520-D1B6-48FA-9EF3-00D011FD9A23}.Ad-Hoc|x64.Build.0 = Release|Any CPU
		{E2C3F520-D1B6-48FA-9EF3-00D011FD9A23}.Ad-Hoc|x64.Deploy.0 = Release|Any CPU
		{E2C3F520-D1B6-48FA-9EF3-00D011FD9A23}.Ad-Hoc|x86.ActiveCfg = Release|Any CPU
		{E2C3F520-D1B6-48FA-9EF3-00D011FD9A23}.Ad-Hoc|x86.Build.0 = Release|Any CPU
		{E2C3F520-D1B6-48FA-9EF3-00D011FD9A23}.Ad-Hoc|x86.Deploy.0 = Release|Any CPU
		{E2C3F520-D1B6-48FA-9EF3-00D011FD9A23}.AppStore|Any CPU.ActiveCfg = Release|Any CPU
		{E2C3F520-D1B6-48FA-9EF3-00D011FD9A23}.AppStore|Any CPU.Build.0 = Release|Any CPU
		{E2C3F520-D1B6-48FA-9EF3-00D011FD9A23}.AppStore|Any CPU.Deploy.0 = Release|Any CPU
		{E2C3F520-D1B6-48FA-9EF3-00D011FD9A23}.AppStore|ARM.ActiveCfg = Release|Any CPU
		{E2C3F520-D1B6-48FA-9EF3-00D011FD9A23}.AppStore|ARM.Build.0 = Release|Any CPU
		{E2C3F520-D1B6-48FA-9EF3-00D011FD9A23}.AppStore|ARM.Deploy.0 = Release|Any CPU
		{E2C3F520-D1B6-48FA-9EF3-00D011FD9A23}.AppStore|iPhone.ActiveCfg = Release|Any CPU
		{E2C3F520-D1B6-48FA-9EF3-00D011FD9A23}.AppStore|iPhone.Build.0 = Release|Any CPU
		{E2C3F520-D1B6-48FA-9EF3-00D011FD9A23}.AppStore|iPhone.Deploy.0 = Release|Any CPU
		{E2C3F520-D1B6-48FA-9EF3-00D011FD9A23}.AppStore|iPhoneSimulator.ActiveCfg = Release|Any CPU
		{E2C3F520-D1B6-48FA-9EF3-00D011FD9A23}.AppStore|iPhoneSimulator.Build.0 = Release|Any CPU
		{E2C3F520-D1B6-48FA-9EF3-00D011FD9A23}.AppStore|iPhoneSimulator.Deploy.0 = Release|Any CPU
		{E2C3F520-D1B6-48FA-9EF3-00D011FD9A23}.AppStore|x64.ActiveCfg = Release|Any CPU
		{E2C3F520-D1B6-48FA-9EF3-00D011FD9A23}.AppStore|x64.Build.0 = Release|Any CPU
		{E2C3F520-D1B6-48FA-9EF3-00D011FD9A23}.AppStore|x64.Deploy.0 = Release|Any CPU
		{E2C3F520-D1B6-48FA-9EF3-00D011FD9A23}.AppStore|x86.ActiveCfg = Release|Any CPU
		{E2C3F520-D1B6-48FA-9EF3-00D011FD9A23}.AppStore|x86.Build.0 = Release|Any CPU
		{E2C3F520-D1B6-48FA-9EF3-00D011FD9A23}.AppStore|x86.Deploy.0 = Release|Any CPU
		{E2C3F520-D1B6-48FA-9EF3-00D011FD9A23}.Debug|Any CPU.ActiveCfg = Debug|Any CPU
		{E2C3F520-D1B6-48FA-9EF3-00D011FD9A23}.Debug|Any CPU.Build.0 = Debug|Any CPU
		{E2C3F520-D1B6-48FA-9EF3-00D011FD9A23}.Debug|Any CPU.Deploy.0 = Debug|Any CPU
		{E2C3F520-D1B6-48FA-9EF3-00D011FD9A23}.Debug|ARM.ActiveCfg = Debug|Any CPU
		{E2C3F520-D1B6-48FA-9EF3-00D011FD9A23}.Debug|ARM.Build.0 = Debug|Any CPU
		{E2C3F520-D1B6-48FA-9EF3-00D011FD9A23}.Debug|ARM.Deploy.0 = Debug|Any CPU
		{E2C3F520-D1B6-48FA-9EF3-00D011FD9A23}.Debug|iPhone.ActiveCfg = Debug|Any CPU
		{E2C3F520-D1B6-48FA-9EF3-00D011FD9A23}.Debug|iPhone.Build.0 = Debug|Any CPU
		{E2C3F520-D1B6-48FA-9EF3-00D011FD9A23}.Debug|iPhone.Deploy.0 = Debug|Any CPU
		{E2C3F520-D1B6-48FA-9EF3-00D011FD9A23}.Debug|iPhoneSimulator.ActiveCfg = Debug|Any CPU
		{E2C3F520-D1B6-48FA-9EF3-00D011FD9A23}.Debug|iPhoneSimulator.Build.0 = Debug|Any CPU
		{E2C3F520-D1B6-48FA-9EF3-00D011FD9A23}.Debug|iPhoneSimulator.Deploy.0 = Debug|Any CPU
		{E2C3F520-D1B6-48FA-9EF3-00D011FD9A23}.Debug|x64.ActiveCfg = Debug|Any CPU
		{E2C3F520-D1B6-48FA-9EF3-00D011FD9A23}.Debug|x64.Build.0 = Debug|Any CPU
		{E2C3F520-D1B6-48FA-9EF3-00D011FD9A23}.Debug|x64.Deploy.0 = Debug|Any CPU
		{E2C3F520-D1B6-48FA-9EF3-00D011FD9A23}.Debug|x86.ActiveCfg = Debug|Any CPU
		{E2C3F520-D1B6-48FA-9EF3-00D011FD9A23}.Debug|x86.Build.0 = Debug|Any CPU
		{E2C3F520-D1B6-48FA-9EF3-00D011FD9A23}.Debug|x86.Deploy.0 = Debug|Any CPU
		{E2C3F520-D1B6-48FA-9EF3-00D011FD9A23}.Release|Any CPU.ActiveCfg = Release|Any CPU
		{E2C3F520-D1B6-48FA-9EF3-00D011FD9A23}.Release|Any CPU.Build.0 = Release|Any CPU
		{E2C3F520-D1B6-48FA-9EF3-00D011FD9A23}.Release|Any CPU.Deploy.0 = Release|Any CPU
		{E2C3F520-D1B6-48FA-9EF3-00D011FD9A23}.Release|ARM.ActiveCfg = Release|Any CPU
		{E2C3F520-D1B6-48FA-9EF3-00D011FD9A23}.Release|ARM.Build.0 = Release|Any CPU
		{E2C3F520-D1B6-48FA-9EF3-00D011FD9A23}.Release|ARM.Deploy.0 = Release|Any CPU
		{E2C3F520-D1B6-48FA-9EF3-00D011FD9A23}.Release|iPhone.ActiveCfg = Release|Any CPU
		{E2C3F520-D1B6-48FA-9EF3-00D011FD9A23}.Release|iPhone.Build.0 = Release|Any CPU
		{E2C3F520-D1B6-48FA-9EF3-00D011FD9A23}.Release|iPhone.Deploy.0 = Release|Any CPU
		{E2C3F520-D1B6-48FA-9EF3-00D011FD9A23}.Release|iPhoneSimulator.ActiveCfg = Release|Any CPU
		{E2C3F520-D1B6-48FA-9EF3-00D011FD9A23}.Release|iPhoneSimulator.Build.0 = Release|Any CPU
		{E2C3F520-D1B6-48FA-9EF3-00D011FD9A23}.Release|iPhoneSimulator.Deploy.0 = Release|Any CPU
		{E2C3F520-D1B6-48FA-9EF3-00D011FD9A23}.Release|x64.ActiveCfg = Release|Any CPU
		{E2C3F520-D1B6-48FA-9EF3-00D011FD9A23}.Release|x64.Build.0 = Release|Any CPU
		{E2C3F520-D1B6-48FA-9EF3-00D011FD9A23}.Release|x64.Deploy.0 = Release|Any CPU
		{E2C3F520-D1B6-48FA-9EF3-00D011FD9A23}.Release|x86.ActiveCfg = Release|Any CPU
		{E2C3F520-D1B6-48FA-9EF3-00D011FD9A23}.Release|x86.Build.0 = Release|Any CPU
		{E2C3F520-D1B6-48FA-9EF3-00D011FD9A23}.Release|x86.Deploy.0 = Release|Any CPU
		{ACBA2C87-4762-4049-B0CE-9BF1E21B91B0}.Ad-Hoc|Any CPU.ActiveCfg = Ad-Hoc|iPhone
		{ACBA2C87-4762-4049-B0CE-9BF1E21B91B0}.Ad-Hoc|ARM.ActiveCfg = Ad-Hoc|iPhone
		{ACBA2C87-4762-4049-B0CE-9BF1E21B91B0}.Ad-Hoc|iPhone.ActiveCfg = Ad-Hoc|iPhone
		{ACBA2C87-4762-4049-B0CE-9BF1E21B91B0}.Ad-Hoc|iPhone.Build.0 = Ad-Hoc|iPhone
		{ACBA2C87-4762-4049-B0CE-9BF1E21B91B0}.Ad-Hoc|iPhoneSimulator.ActiveCfg = Ad-Hoc|iPhoneSimulator
		{ACBA2C87-4762-4049-B0CE-9BF1E21B91B0}.Ad-Hoc|iPhoneSimulator.Build.0 = Ad-Hoc|iPhoneSimulator
		{ACBA2C87-4762-4049-B0CE-9BF1E21B91B0}.Ad-Hoc|x64.ActiveCfg = Ad-Hoc|iPhone
		{ACBA2C87-4762-4049-B0CE-9BF1E21B91B0}.Ad-Hoc|x86.ActiveCfg = Ad-Hoc|iPhone
		{ACBA2C87-4762-4049-B0CE-9BF1E21B91B0}.AppStore|Any CPU.ActiveCfg = AppStore|iPhone
		{ACBA2C87-4762-4049-B0CE-9BF1E21B91B0}.AppStore|ARM.ActiveCfg = AppStore|iPhone
		{ACBA2C87-4762-4049-B0CE-9BF1E21B91B0}.AppStore|iPhone.ActiveCfg = AppStore|iPhone
		{ACBA2C87-4762-4049-B0CE-9BF1E21B91B0}.AppStore|iPhone.Build.0 = AppStore|iPhone
		{ACBA2C87-4762-4049-B0CE-9BF1E21B91B0}.AppStore|iPhoneSimulator.ActiveCfg = AppStore|iPhoneSimulator
		{ACBA2C87-4762-4049-B0CE-9BF1E21B91B0}.AppStore|iPhoneSimulator.Build.0 = AppStore|iPhoneSimulator
		{ACBA2C87-4762-4049-B0CE-9BF1E21B91B0}.AppStore|x64.ActiveCfg = AppStore|iPhone
		{ACBA2C87-4762-4049-B0CE-9BF1E21B91B0}.AppStore|x86.ActiveCfg = AppStore|iPhone
		{ACBA2C87-4762-4049-B0CE-9BF1E21B91B0}.Debug|Any CPU.ActiveCfg = Debug|iPhone
		{ACBA2C87-4762-4049-B0CE-9BF1E21B91B0}.Debug|ARM.ActiveCfg = Debug|iPhone
		{ACBA2C87-4762-4049-B0CE-9BF1E21B91B0}.Debug|iPhone.ActiveCfg = Debug|iPhone
		{ACBA2C87-4762-4049-B0CE-9BF1E21B91B0}.Debug|iPhone.Build.0 = Debug|iPhone
		{ACBA2C87-4762-4049-B0CE-9BF1E21B91B0}.Debug|iPhoneSimulator.ActiveCfg = Debug|iPhoneSimulator
		{ACBA2C87-4762-4049-B0CE-9BF1E21B91B0}.Debug|x64.ActiveCfg = Debug|iPhone
		{ACBA2C87-4762-4049-B0CE-9BF1E21B91B0}.Debug|x86.ActiveCfg = Debug|iPhone
		{ACBA2C87-4762-4049-B0CE-9BF1E21B91B0}.Release|Any CPU.ActiveCfg = Release|iPhone
		{ACBA2C87-4762-4049-B0CE-9BF1E21B91B0}.Release|ARM.ActiveCfg = Release|iPhone
		{ACBA2C87-4762-4049-B0CE-9BF1E21B91B0}.Release|iPhone.ActiveCfg = Release|iPhone
		{ACBA2C87-4762-4049-B0CE-9BF1E21B91B0}.Release|iPhone.Build.0 = Release|iPhone
		{ACBA2C87-4762-4049-B0CE-9BF1E21B91B0}.Release|iPhoneSimulator.ActiveCfg = Release|iPhoneSimulator
		{ACBA2C87-4762-4049-B0CE-9BF1E21B91B0}.Release|iPhoneSimulator.Build.0 = Release|iPhoneSimulator
		{ACBA2C87-4762-4049-B0CE-9BF1E21B91B0}.Release|x64.ActiveCfg = Release|iPhone
		{ACBA2C87-4762-4049-B0CE-9BF1E21B91B0}.Release|x86.ActiveCfg = Release|iPhone
		{357F9B0C-7D3D-4D3B-8837-D3B1304BC3B2}.Ad-Hoc|Any CPU.ActiveCfg = Release|Any CPU
		{357F9B0C-7D3D-4D3B-8837-D3B1304BC3B2}.Ad-Hoc|Any CPU.Build.0 = Release|Any CPU
		{357F9B0C-7D3D-4D3B-8837-D3B1304BC3B2}.Ad-Hoc|Any CPU.Deploy.0 = Release|Any CPU
		{357F9B0C-7D3D-4D3B-8837-D3B1304BC3B2}.Ad-Hoc|ARM.ActiveCfg = Release|ARM
		{357F9B0C-7D3D-4D3B-8837-D3B1304BC3B2}.Ad-Hoc|ARM.Build.0 = Release|ARM
		{357F9B0C-7D3D-4D3B-8837-D3B1304BC3B2}.Ad-Hoc|ARM.Deploy.0 = Release|ARM
		{357F9B0C-7D3D-4D3B-8837-D3B1304BC3B2}.Ad-Hoc|iPhone.ActiveCfg = Release|Any CPU
		{357F9B0C-7D3D-4D3B-8837-D3B1304BC3B2}.Ad-Hoc|iPhone.Build.0 = Release|Any CPU
		{357F9B0C-7D3D-4D3B-8837-D3B1304BC3B2}.Ad-Hoc|iPhone.Deploy.0 = Release|Any CPU
		{357F9B0C-7D3D-4D3B-8837-D3B1304BC3B2}.Ad-Hoc|iPhoneSimulator.ActiveCfg = Release|Any CPU
		{357F9B0C-7D3D-4D3B-8837-D3B1304BC3B2}.Ad-Hoc|iPhoneSimulator.Build.0 = Release|Any CPU
		{357F9B0C-7D3D-4D3B-8837-D3B1304BC3B2}.Ad-Hoc|iPhoneSimulator.Deploy.0 = Release|Any CPU
		{357F9B0C-7D3D-4D3B-8837-D3B1304BC3B2}.Ad-Hoc|x64.ActiveCfg = Release|Any CPU
		{357F9B0C-7D3D-4D3B-8837-D3B1304BC3B2}.Ad-Hoc|x64.Build.0 = Release|Any CPU
		{357F9B0C-7D3D-4D3B-8837-D3B1304BC3B2}.Ad-Hoc|x64.Deploy.0 = Release|Any CPU
		{357F9B0C-7D3D-4D3B-8837-D3B1304BC3B2}.Ad-Hoc|x86.ActiveCfg = Release|x86
		{357F9B0C-7D3D-4D3B-8837-D3B1304BC3B2}.Ad-Hoc|x86.Build.0 = Release|x86
		{357F9B0C-7D3D-4D3B-8837-D3B1304BC3B2}.Ad-Hoc|x86.Deploy.0 = Release|x86
		{357F9B0C-7D3D-4D3B-8837-D3B1304BC3B2}.AppStore|Any CPU.ActiveCfg = Release|Any CPU
		{357F9B0C-7D3D-4D3B-8837-D3B1304BC3B2}.AppStore|Any CPU.Build.0 = Release|Any CPU
		{357F9B0C-7D3D-4D3B-8837-D3B1304BC3B2}.AppStore|Any CPU.Deploy.0 = Release|Any CPU
		{357F9B0C-7D3D-4D3B-8837-D3B1304BC3B2}.AppStore|ARM.ActiveCfg = Release|ARM
		{357F9B0C-7D3D-4D3B-8837-D3B1304BC3B2}.AppStore|ARM.Build.0 = Release|ARM
		{357F9B0C-7D3D-4D3B-8837-D3B1304BC3B2}.AppStore|ARM.Deploy.0 = Release|ARM
		{357F9B0C-7D3D-4D3B-8837-D3B1304BC3B2}.AppStore|iPhone.ActiveCfg = Release|Any CPU
		{357F9B0C-7D3D-4D3B-8837-D3B1304BC3B2}.AppStore|iPhone.Build.0 = Release|Any CPU
		{357F9B0C-7D3D-4D3B-8837-D3B1304BC3B2}.AppStore|iPhone.Deploy.0 = Release|Any CPU
		{357F9B0C-7D3D-4D3B-8837-D3B1304BC3B2}.AppStore|iPhoneSimulator.ActiveCfg = Release|Any CPU
		{357F9B0C-7D3D-4D3B-8837-D3B1304BC3B2}.AppStore|iPhoneSimulator.Build.0 = Release|Any CPU
		{357F9B0C-7D3D-4D3B-8837-D3B1304BC3B2}.AppStore|iPhoneSimulator.Deploy.0 = Release|Any CPU
		{357F9B0C-7D3D-4D3B-8837-D3B1304BC3B2}.AppStore|x64.ActiveCfg = Release|Any CPU
		{357F9B0C-7D3D-4D3B-8837-D3B1304BC3B2}.AppStore|x64.Build.0 = Release|Any CPU
		{357F9B0C-7D3D-4D3B-8837-D3B1304BC3B2}.AppStore|x64.Deploy.0 = Release|Any CPU
		{357F9B0C-7D3D-4D3B-8837-D3B1304BC3B2}.AppStore|x86.ActiveCfg = Release|x86
		{357F9B0C-7D3D-4D3B-8837-D3B1304BC3B2}.AppStore|x86.Build.0 = Release|x86
		{357F9B0C-7D3D-4D3B-8837-D3B1304BC3B2}.AppStore|x86.Deploy.0 = Release|x86
		{357F9B0C-7D3D-4D3B-8837-D3B1304BC3B2}.Debug|Any CPU.ActiveCfg = Debug|Any CPU
		{357F9B0C-7D3D-4D3B-8837-D3B1304BC3B2}.Debug|Any CPU.Build.0 = Debug|Any CPU
		{357F9B0C-7D3D-4D3B-8837-D3B1304BC3B2}.Debug|Any CPU.Deploy.0 = Debug|Any CPU
		{357F9B0C-7D3D-4D3B-8837-D3B1304BC3B2}.Debug|ARM.ActiveCfg = Debug|ARM
		{357F9B0C-7D3D-4D3B-8837-D3B1304BC3B2}.Debug|ARM.Build.0 = Debug|ARM
		{357F9B0C-7D3D-4D3B-8837-D3B1304BC3B2}.Debug|ARM.Deploy.0 = Debug|ARM
		{357F9B0C-7D3D-4D3B-8837-D3B1304BC3B2}.Debug|iPhone.ActiveCfg = Debug|Any CPU
		{357F9B0C-7D3D-4D3B-8837-D3B1304BC3B2}.Debug|iPhone.Build.0 = Debug|Any CPU
		{357F9B0C-7D3D-4D3B-8837-D3B1304BC3B2}.Debug|iPhone.Deploy.0 = Debug|Any CPU
		{357F9B0C-7D3D-4D3B-8837-D3B1304BC3B2}.Debug|iPhoneSimulator.ActiveCfg = Debug|Any CPU
		{357F9B0C-7D3D-4D3B-8837-D3B1304BC3B2}.Debug|iPhoneSimulator.Build.0 = Debug|Any CPU
		{357F9B0C-7D3D-4D3B-8837-D3B1304BC3B2}.Debug|iPhoneSimulator.Deploy.0 = Debug|Any CPU
		{357F9B0C-7D3D-4D3B-8837-D3B1304BC3B2}.Debug|x64.ActiveCfg = Debug|Any CPU
		{357F9B0C-7D3D-4D3B-8837-D3B1304BC3B2}.Debug|x64.Build.0 = Debug|Any CPU
		{357F9B0C-7D3D-4D3B-8837-D3B1304BC3B2}.Debug|x64.Deploy.0 = Debug|Any CPU
		{357F9B0C-7D3D-4D3B-8837-D3B1304BC3B2}.Debug|x86.ActiveCfg = Debug|x86
		{357F9B0C-7D3D-4D3B-8837-D3B1304BC3B2}.Debug|x86.Build.0 = Debug|x86
		{357F9B0C-7D3D-4D3B-8837-D3B1304BC3B2}.Debug|x86.Deploy.0 = Debug|x86
		{357F9B0C-7D3D-4D3B-8837-D3B1304BC3B2}.Release|Any CPU.ActiveCfg = Release|Any CPU
		{357F9B0C-7D3D-4D3B-8837-D3B1304BC3B2}.Release|Any CPU.Build.0 = Release|Any CPU
		{357F9B0C-7D3D-4D3B-8837-D3B1304BC3B2}.Release|Any CPU.Deploy.0 = Release|Any CPU
		{357F9B0C-7D3D-4D3B-8837-D3B1304BC3B2}.Release|ARM.ActiveCfg = Release|ARM
		{357F9B0C-7D3D-4D3B-8837-D3B1304BC3B2}.Release|ARM.Build.0 = Release|ARM
		{357F9B0C-7D3D-4D3B-8837-D3B1304BC3B2}.Release|ARM.Deploy.0 = Release|ARM
		{357F9B0C-7D3D-4D3B-8837-D3B1304BC3B2}.Release|iPhone.ActiveCfg = Release|Any CPU
		{357F9B0C-7D3D-4D3B-8837-D3B1304BC3B2}.Release|iPhone.Build.0 = Release|Any CPU
		{357F9B0C-7D3D-4D3B-8837-D3B1304BC3B2}.Release|iPhone.Deploy.0 = Release|Any CPU
		{357F9B0C-7D3D-4D3B-8837-D3B1304BC3B2}.Release|iPhoneSimulator.ActiveCfg = Release|Any CPU
		{357F9B0C-7D3D-4D3B-8837-D3B1304BC3B2}.Release|iPhoneSimulator.Build.0 = Release|Any CPU
		{357F9B0C-7D3D-4D3B-8837-D3B1304BC3B2}.Release|iPhoneSimulator.Deploy.0 = Release|Any CPU
		{357F9B0C-7D3D-4D3B-8837-D3B1304BC3B2}.Release|x64.ActiveCfg = Release|Any CPU
		{357F9B0C-7D3D-4D3B-8837-D3B1304BC3B2}.Release|x64.Build.0 = Release|Any CPU
		{357F9B0C-7D3D-4D3B-8837-D3B1304BC3B2}.Release|x64.Deploy.0 = Release|Any CPU
		{357F9B0C-7D3D-4D3B-8837-D3B1304BC3B2}.Release|x86.ActiveCfg = Release|x86
		{357F9B0C-7D3D-4D3B-8837-D3B1304BC3B2}.Release|x86.Build.0 = Release|x86
		{357F9B0C-7D3D-4D3B-8837-D3B1304BC3B2}.Release|x86.Deploy.0 = Release|x86
		{7F92FFF5-E8D0-4774-B569-DCC2917EC95E}.Ad-Hoc|Any CPU.ActiveCfg = Release|x86
		{7F92FFF5-E8D0-4774-B569-DCC2917EC95E}.Ad-Hoc|Any CPU.Build.0 = Release|x86
		{7F92FFF5-E8D0-4774-B569-DCC2917EC95E}.Ad-Hoc|Any CPU.Deploy.0 = Release|x86
		{7F92FFF5-E8D0-4774-B569-DCC2917EC95E}.Ad-Hoc|ARM.ActiveCfg = Release|ARM
		{7F92FFF5-E8D0-4774-B569-DCC2917EC95E}.Ad-Hoc|ARM.Build.0 = Release|ARM
		{7F92FFF5-E8D0-4774-B569-DCC2917EC95E}.Ad-Hoc|ARM.Deploy.0 = Release|ARM
		{7F92FFF5-E8D0-4774-B569-DCC2917EC95E}.Ad-Hoc|iPhone.ActiveCfg = Release|x86
		{7F92FFF5-E8D0-4774-B569-DCC2917EC95E}.Ad-Hoc|iPhone.Build.0 = Release|x86
		{7F92FFF5-E8D0-4774-B569-DCC2917EC95E}.Ad-Hoc|iPhone.Deploy.0 = Release|x86
		{7F92FFF5-E8D0-4774-B569-DCC2917EC95E}.Ad-Hoc|iPhoneSimulator.ActiveCfg = Release|x86
		{7F92FFF5-E8D0-4774-B569-DCC2917EC95E}.Ad-Hoc|iPhoneSimulator.Build.0 = Release|x86
		{7F92FFF5-E8D0-4774-B569-DCC2917EC95E}.Ad-Hoc|iPhoneSimulator.Deploy.0 = Release|x86
		{7F92FFF5-E8D0-4774-B569-DCC2917EC95E}.Ad-Hoc|x64.ActiveCfg = Release|x64
		{7F92FFF5-E8D0-4774-B569-DCC2917EC95E}.Ad-Hoc|x64.Build.0 = Release|x64
		{7F92FFF5-E8D0-4774-B569-DCC2917EC95E}.Ad-Hoc|x64.Deploy.0 = Release|x64
		{7F92FFF5-E8D0-4774-B569-DCC2917EC95E}.Ad-Hoc|x86.ActiveCfg = Release|x86
		{7F92FFF5-E8D0-4774-B569-DCC2917EC95E}.Ad-Hoc|x86.Build.0 = Release|x86
		{7F92FFF5-E8D0-4774-B569-DCC2917EC95E}.Ad-Hoc|x86.Deploy.0 = Release|x86
		{7F92FFF5-E8D0-4774-B569-DCC2917EC95E}.AppStore|Any CPU.ActiveCfg = Release|x86
		{7F92FFF5-E8D0-4774-B569-DCC2917EC95E}.AppStore|Any CPU.Build.0 = Release|x86
		{7F92FFF5-E8D0-4774-B569-DCC2917EC95E}.AppStore|Any CPU.Deploy.0 = Release|x86
		{7F92FFF5-E8D0-4774-B569-DCC2917EC95E}.AppStore|ARM.ActiveCfg = Release|ARM
		{7F92FFF5-E8D0-4774-B569-DCC2917EC95E}.AppStore|ARM.Build.0 = Release|ARM
		{7F92FFF5-E8D0-4774-B569-DCC2917EC95E}.AppStore|ARM.Deploy.0 = Release|ARM
		{7F92FFF5-E8D0-4774-B569-DCC2917EC95E}.AppStore|iPhone.ActiveCfg = Release|x86
		{7F92FFF5-E8D0-4774-B569-DCC2917EC95E}.AppStore|iPhone.Build.0 = Release|x86
		{7F92FFF5-E8D0-4774-B569-DCC2917EC95E}.AppStore|iPhone.Deploy.0 = Release|x86
		{7F92FFF5-E8D0-4774-B569-DCC2917EC95E}.AppStore|iPhoneSimulator.ActiveCfg = Release|x86
		{7F92FFF5-E8D0-4774-B569-DCC2917EC95E}.AppStore|iPhoneSimulator.Build.0 = Release|x86
		{7F92FFF5-E8D0-4774-B569-DCC2917EC95E}.AppStore|iPhoneSimulator.Deploy.0 = Release|x86
		{7F92FFF5-E8D0-4774-B569-DCC2917EC95E}.AppStore|x64.ActiveCfg = Release|x64
		{7F92FFF5-E8D0-4774-B569-DCC2917EC95E}.AppStore|x64.Build.0 = Release|x64
		{7F92FFF5-E8D0-4774-B569-DCC2917EC95E}.AppStore|x64.Deploy.0 = Release|x64
		{7F92FFF5-E8D0-4774-B569-DCC2917EC95E}.AppStore|x86.ActiveCfg = Release|x86
		{7F92FFF5-E8D0-4774-B569-DCC2917EC95E}.AppStore|x86.Build.0 = Release|x86
		{7F92FFF5-E8D0-4774-B569-DCC2917EC95E}.AppStore|x86.Deploy.0 = Release|x86
		{7F92FFF5-E8D0-4774-B569-DCC2917EC95E}.Debug|Any CPU.ActiveCfg = Debug|x86
		{7F92FFF5-E8D0-4774-B569-DCC2917EC95E}.Debug|ARM.ActiveCfg = Debug|ARM
		{7F92FFF5-E8D0-4774-B569-DCC2917EC95E}.Debug|ARM.Build.0 = Debug|ARM
		{7F92FFF5-E8D0-4774-B569-DCC2917EC95E}.Debug|ARM.Deploy.0 = Debug|ARM
		{7F92FFF5-E8D0-4774-B569-DCC2917EC95E}.Debug|iPhone.ActiveCfg = Debug|x86
		{7F92FFF5-E8D0-4774-B569-DCC2917EC95E}.Debug|iPhoneSimulator.ActiveCfg = Debug|x86
		{7F92FFF5-E8D0-4774-B569-DCC2917EC95E}.Debug|x64.ActiveCfg = Debug|x64
		{7F92FFF5-E8D0-4774-B569-DCC2917EC95E}.Debug|x64.Build.0 = Debug|x64
		{7F92FFF5-E8D0-4774-B569-DCC2917EC95E}.Debug|x64.Deploy.0 = Debug|x64
		{7F92FFF5-E8D0-4774-B569-DCC2917EC95E}.Debug|x86.ActiveCfg = Debug|x86
		{7F92FFF5-E8D0-4774-B569-DCC2917EC95E}.Debug|x86.Build.0 = Debug|x86
		{7F92FFF5-E8D0-4774-B569-DCC2917EC95E}.Debug|x86.Deploy.0 = Debug|x86
		{7F92FFF5-E8D0-4774-B569-DCC2917EC95E}.Release|Any CPU.ActiveCfg = Release|x86
		{7F92FFF5-E8D0-4774-B569-DCC2917EC95E}.Release|ARM.ActiveCfg = Release|ARM
		{7F92FFF5-E8D0-4774-B569-DCC2917EC95E}.Release|ARM.Build.0 = Release|ARM
		{7F92FFF5-E8D0-4774-B569-DCC2917EC95E}.Release|ARM.Deploy.0 = Release|ARM
		{7F92FFF5-E8D0-4774-B569-DCC2917EC95E}.Release|iPhone.ActiveCfg = Release|x86
		{7F92FFF5-E8D0-4774-B569-DCC2917EC95E}.Release|iPhoneSimulator.ActiveCfg = Release|x86
		{7F92FFF5-E8D0-4774-B569-DCC2917EC95E}.Release|x64.ActiveCfg = Release|x64
		{7F92FFF5-E8D0-4774-B569-DCC2917EC95E}.Release|x64.Build.0 = Release|x64
		{7F92FFF5-E8D0-4774-B569-DCC2917EC95E}.Release|x64.Deploy.0 = Release|x64
		{7F92FFF5-E8D0-4774-B569-DCC2917EC95E}.Release|x86.ActiveCfg = Release|x86
		{7F92FFF5-E8D0-4774-B569-DCC2917EC95E}.Release|x86.Build.0 = Release|x86
		{7F92FFF5-E8D0-4774-B569-DCC2917EC95E}.Release|x86.Deploy.0 = Release|x86
		{F88252C0-B459-4F58-9C13-3C5E81E3B529}.Ad-Hoc|Any CPU.ActiveCfg = Release|Any CPU
		{F88252C0-B459-4F58-9C13-3C5E81E3B529}.Ad-Hoc|Any CPU.Build.0 = Release|Any CPU
		{F88252C0-B459-4F58-9C13-3C5E81E3B529}.Ad-Hoc|Any CPU.Deploy.0 = Release|Any CPU
		{F88252C0-B459-4F58-9C13-3C5E81E3B529}.Ad-Hoc|ARM.ActiveCfg = Release|ARM
		{F88252C0-B459-4F58-9C13-3C5E81E3B529}.Ad-Hoc|ARM.Build.0 = Release|ARM
		{F88252C0-B459-4F58-9C13-3C5E81E3B529}.Ad-Hoc|ARM.Deploy.0 = Release|ARM
		{F88252C0-B459-4F58-9C13-3C5E81E3B529}.Ad-Hoc|iPhone.ActiveCfg = Release|Any CPU
		{F88252C0-B459-4F58-9C13-3C5E81E3B529}.Ad-Hoc|iPhone.Build.0 = Release|Any CPU
		{F88252C0-B459-4F58-9C13-3C5E81E3B529}.Ad-Hoc|iPhone.Deploy.0 = Release|Any CPU
		{F88252C0-B459-4F58-9C13-3C5E81E3B529}.Ad-Hoc|iPhoneSimulator.ActiveCfg = Release|Any CPU
		{F88252C0-B459-4F58-9C13-3C5E81E3B529}.Ad-Hoc|iPhoneSimulator.Build.0 = Release|Any CPU
		{F88252C0-B459-4F58-9C13-3C5E81E3B529}.Ad-Hoc|iPhoneSimulator.Deploy.0 = Release|Any CPU
		{F88252C0-B459-4F58-9C13-3C5E81E3B529}.Ad-Hoc|x64.ActiveCfg = Release|x64
		{F88252C0-B459-4F58-9C13-3C5E81E3B529}.Ad-Hoc|x64.Build.0 = Release|x64
		{F88252C0-B459-4F58-9C13-3C5E81E3B529}.Ad-Hoc|x64.Deploy.0 = Release|x64
		{F88252C0-B459-4F58-9C13-3C5E81E3B529}.Ad-Hoc|x86.ActiveCfg = Release|x86
		{F88252C0-B459-4F58-9C13-3C5E81E3B529}.Ad-Hoc|x86.Build.0 = Release|x86
		{F88252C0-B459-4F58-9C13-3C5E81E3B529}.Ad-Hoc|x86.Deploy.0 = Release|x86
		{F88252C0-B459-4F58-9C13-3C5E81E3B529}.AppStore|Any CPU.ActiveCfg = Release|Any CPU
		{F88252C0-B459-4F58-9C13-3C5E81E3B529}.AppStore|Any CPU.Build.0 = Release|Any CPU
		{F88252C0-B459-4F58-9C13-3C5E81E3B529}.AppStore|Any CPU.Deploy.0 = Release|Any CPU
		{F88252C0-B459-4F58-9C13-3C5E81E3B529}.AppStore|ARM.ActiveCfg = Release|ARM
		{F88252C0-B459-4F58-9C13-3C5E81E3B529}.AppStore|ARM.Build.0 = Release|ARM
		{F88252C0-B459-4F58-9C13-3C5E81E3B529}.AppStore|ARM.Deploy.0 = Release|ARM
		{F88252C0-B459-4F58-9C13-3C5E81E3B529}.AppStore|iPhone.ActiveCfg = Release|Any CPU
		{F88252C0-B459-4F58-9C13-3C5E81E3B529}.AppStore|iPhone.Build.0 = Release|Any CPU
		{F88252C0-B459-4F58-9C13-3C5E81E3B529}.AppStore|iPhone.Deploy.0 = Release|Any CPU
		{F88252C0-B459-4F58-9C13-3C5E81E3B529}.AppStore|iPhoneSimulator.ActiveCfg = Release|Any CPU
		{F88252C0-B459-4F58-9C13-3C5E81E3B529}.AppStore|iPhoneSimulator.Build.0 = Release|Any CPU
		{F88252C0-B459-4F58-9C13-3C5E81E3B529}.AppStore|iPhoneSimulator.Deploy.0 = Release|Any CPU
		{F88252C0-B459-4F58-9C13-3C5E81E3B529}.AppStore|x64.ActiveCfg = Release|x64
		{F88252C0-B459-4F58-9C13-3C5E81E3B529}.AppStore|x64.Build.0 = Release|x64
		{F88252C0-B459-4F58-9C13-3C5E81E3B529}.AppStore|x64.Deploy.0 = Release|x64
		{F88252C0-B459-4F58-9C13-3C5E81E3B529}.AppStore|x86.ActiveCfg = Release|x86
		{F88252C0-B459-4F58-9C13-3C5E81E3B529}.AppStore|x86.Build.0 = Release|x86
		{F88252C0-B459-4F58-9C13-3C5E81E3B529}.AppStore|x86.Deploy.0 = Release|x86
		{F88252C0-B459-4F58-9C13-3C5E81E3B529}.Debug|Any CPU.ActiveCfg = Debug|Any CPU
		{F88252C0-B459-4F58-9C13-3C5E81E3B529}.Debug|Any CPU.Build.0 = Debug|Any CPU
		{F88252C0-B459-4F58-9C13-3C5E81E3B529}.Debug|Any CPU.Deploy.0 = Debug|Any CPU
		{F88252C0-B459-4F58-9C13-3C5E81E3B529}.Debug|ARM.ActiveCfg = Debug|ARM
		{F88252C0-B459-4F58-9C13-3C5E81E3B529}.Debug|ARM.Build.0 = Debug|ARM
		{F88252C0-B459-4F58-9C13-3C5E81E3B529}.Debug|ARM.Deploy.0 = Debug|ARM
		{F88252C0-B459-4F58-9C13-3C5E81E3B529}.Debug|iPhone.ActiveCfg = Debug|Any CPU
		{F88252C0-B459-4F58-9C13-3C5E81E3B529}.Debug|iPhone.Build.0 = Debug|Any CPU
		{F88252C0-B459-4F58-9C13-3C5E81E3B529}.Debug|iPhone.Deploy.0 = Debug|Any CPU
		{F88252C0-B459-4F58-9C13-3C5E81E3B529}.Debug|iPhoneSimulator.ActiveCfg = Debug|Any CPU
		{F88252C0-B459-4F58-9C13-3C5E81E3B529}.Debug|iPhoneSimulator.Build.0 = Debug|Any CPU
		{F88252C0-B459-4F58-9C13-3C5E81E3B529}.Debug|iPhoneSimulator.Deploy.0 = Debug|Any CPU
		{F88252C0-B459-4F58-9C13-3C5E81E3B529}.Debug|x64.ActiveCfg = Debug|x64
		{F88252C0-B459-4F58-9C13-3C5E81E3B529}.Debug|x64.Build.0 = Debug|x64
		{F88252C0-B459-4F58-9C13-3C5E81E3B529}.Debug|x64.Deploy.0 = Debug|x64
		{F88252C0-B459-4F58-9C13-3C5E81E3B529}.Debug|x86.ActiveCfg = Debug|x86
		{F88252C0-B459-4F58-9C13-3C5E81E3B529}.Debug|x86.Build.0 = Debug|x86
		{F88252C0-B459-4F58-9C13-3C5E81E3B529}.Debug|x86.Deploy.0 = Debug|x86
		{F88252C0-B459-4F58-9C13-3C5E81E3B529}.Release|Any CPU.ActiveCfg = Release|Any CPU
		{F88252C0-B459-4F58-9C13-3C5E81E3B529}.Release|Any CPU.Build.0 = Release|Any CPU
		{F88252C0-B459-4F58-9C13-3C5E81E3B529}.Release|Any CPU.Deploy.0 = Release|Any CPU
		{F88252C0-B459-4F58-9C13-3C5E81E3B529}.Release|ARM.ActiveCfg = Release|ARM
		{F88252C0-B459-4F58-9C13-3C5E81E3B529}.Release|ARM.Build.0 = Release|ARM
		{F88252C0-B459-4F58-9C13-3C5E81E3B529}.Release|ARM.Deploy.0 = Release|ARM
		{F88252C0-B459-4F58-9C13-3C5E81E3B529}.Release|iPhone.ActiveCfg = Release|Any CPU
		{F88252C0-B459-4F58-9C13-3C5E81E3B529}.Release|iPhone.Build.0 = Release|Any CPU
		{F88252C0-B459-4F58-9C13-3C5E81E3B529}.Release|iPhone.Deploy.0 = Release|Any CPU
		{F88252C0-B459-4F58-9C13-3C5E81E3B529}.Release|iPhoneSimulator.ActiveCfg = Release|Any CPU
		{F88252C0-B459-4F58-9C13-3C5E81E3B529}.Release|iPhoneSimulator.Build.0 = Release|Any CPU
		{F88252C0-B459-4F58-9C13-3C5E81E3B529}.Release|iPhoneSimulator.Deploy.0 = Release|Any CPU
		{F88252C0-B459-4F58-9C13-3C5E81E3B529}.Release|x64.ActiveCfg = Release|x64
		{F88252C0-B459-4F58-9C13-3C5E81E3B529}.Release|x64.Build.0 = Release|x64
		{F88252C0-B459-4F58-9C13-3C5E81E3B529}.Release|x64.Deploy.0 = Release|x64
		{F88252C0-B459-4F58-9C13-3C5E81E3B529}.Release|x86.ActiveCfg = Release|x86
		{F88252C0-B459-4F58-9C13-3C5E81E3B529}.Release|x86.Build.0 = Release|x86
		{F88252C0-B459-4F58-9C13-3C5E81E3B529}.Release|x86.Deploy.0 = Release|x86
	EndGlobalSection
	GlobalSection(SolutionProperties) = preSolution
		HideSolutionNode = FALSE
	EndGlobalSection
EndGlobal
